// !$*UTF8*$!
{
	archiveVersion = 1;
	classes = {
	};
	objectVersion = 46;
	objects = {

/* Begin PBXAggregateTarget section */
		B3E9B87415C2ED5F00590095 /* UniversalForgeModule */ = {
			isa = PBXAggregateTarget;
			buildConfigurationList = B3E9B87515C2ED5F00590095 /* Build configuration list for PBXAggregateTarget "UniversalForgeModule" */;
			buildPhases = (
				B3E9B87815C2EDC300590095 /* ShellScript */,
			);
			dependencies = (
			);
			name = UniversalForgeModule;
			productName = UniversalForgeModule;
		};
/* End PBXAggregateTarget section */

/* Begin PBXBuildFile section */
		7123BED61664C1C600712A33 /* gallerypicker_API.m in Sources */ = {isa = PBXBuildFile; fileRef = 7123BED31664BF7E00712A33 /* gallerypicker_API.m */; };
		7123BED71664C1C700712A33 /* gallerypicker_API.m in Sources */ = {isa = PBXBuildFile; fileRef = 7123BED31664BF7E00712A33 /* gallerypicker_API.m */; };
		719E40CC1665F96200491E89 /* ELCImagePickerFramework.framework in Frameworks */ = {isa = PBXBuildFile; fileRef = 719E40CB1665F96200491E89 /* ELCImagePickerFramework.framework */; };
		719E40CD1665F96200491E89 /* ELCImagePickerFramework.framework in Frameworks */ = {isa = PBXBuildFile; fileRef = 719E40CB1665F96200491E89 /* ELCImagePickerFramework.framework */; };
		B307826415C2A393006798D7 /* AssetsLibrary.framework in Frameworks */ = {isa = PBXBuildFile; fileRef = B307826315C2A393006798D7 /* AssetsLibrary.framework */; };
		B307826C15C2A44F006798D7 /* SystemConfiguration.framework in Frameworks */ = {isa = PBXBuildFile; fileRef = B307826B15C2A44F006798D7 /* SystemConfiguration.framework */; };
		B307826E15C2A47B006798D7 /* assets in Resources */ = {isa = PBXBuildFile; fileRef = B307826D15C2A47B006798D7 /* assets */; };
		B307827215C2A634006798D7 /* app_config.json in Resources */ = {isa = PBXBuildFile; fileRef = B307827115C2A634006798D7 /* app_config.json */; };
		B3E9B86215C2ECC700590095 /* Foundation.framework in Frameworks */ = {isa = PBXBuildFile; fileRef = B3FC517D15C14B2A003574D9 /* Foundation.framework */; };
		B3E9B86F15C2ECE900590095 /* CoreGraphics.framework in Frameworks */ = {isa = PBXBuildFile; fileRef = B3FC517F15C14B2A003574D9 /* CoreGraphics.framework */; };
		B3E9B87015C2ECEB00590095 /* UIKit.framework in Frameworks */ = {isa = PBXBuildFile; fileRef = B3FC517B15C14B2A003574D9 /* UIKit.framework */; };
		B3E9B87215C2ECF100590095 /* AssetsLibrary.framework in Frameworks */ = {isa = PBXBuildFile; fileRef = B307826315C2A393006798D7 /* AssetsLibrary.framework */; };
		B3E9B87315C2ECF300590095 /* SystemConfiguration.framework in Frameworks */ = {isa = PBXBuildFile; fileRef = B307826B15C2A44F006798D7 /* SystemConfiguration.framework */; };
		B3E9B88A15C2F0B500590095 /* ForgeCore.framework in Frameworks */ = {isa = PBXBuildFile; fileRef = B3FC519215C14B35003574D9 /* ForgeCore.framework */; };
		B3FC517C15C14B2A003574D9 /* UIKit.framework in Frameworks */ = {isa = PBXBuildFile; fileRef = B3FC517B15C14B2A003574D9 /* UIKit.framework */; };
		B3FC517E15C14B2A003574D9 /* Foundation.framework in Frameworks */ = {isa = PBXBuildFile; fileRef = B3FC517D15C14B2A003574D9 /* Foundation.framework */; };
		B3FC518015C14B2A003574D9 /* CoreGraphics.framework in Frameworks */ = {isa = PBXBuildFile; fileRef = B3FC517F15C14B2A003574D9 /* CoreGraphics.framework */; };
		B3FC518815C14B2A003574D9 /* main.m in Sources */ = {isa = PBXBuildFile; fileRef = B3FC518715C14B2A003574D9 /* main.m */; };
		B3FC519315C14B35003574D9 /* ForgeCore.framework in Frameworks */ = {isa = PBXBuildFile; fileRef = B3FC519215C14B35003574D9 /* ForgeCore.framework */; };
		B3FC519515C14B3C003574D9 /* ForgeCore.bundle in Resources */ = {isa = PBXBuildFile; fileRef = B3FC519415C14B3C003574D9 /* ForgeCore.bundle */; };
/* End PBXBuildFile section */

/* Begin PBXCopyFilesBuildPhase section */
		B3E9B85F15C2ECC700590095 /* CopyFiles */ = {
			isa = PBXCopyFilesBuildPhase;
			buildActionMask = 2147483647;
			dstPath = "include/${PRODUCT_NAME}";
			dstSubfolderSpec = 16;
			files = (
			);
			runOnlyForDeploymentPostprocessing = 0;
		};
/* End PBXCopyFilesBuildPhase section */

/* Begin PBXFileReference section */
		7123BED21664BF7E00712A33 /* gallerypicker_API.h */ = {isa = PBXFileReference; fileEncoding = 4; lastKnownFileType = sourcecode.c.h; name = gallerypicker_API.h; path = gallerypicker/gallerypicker_API.h; sourceTree = "<group>"; };
		7123BED31664BF7E00712A33 /* gallerypicker_API.m */ = {isa = PBXFileReference; fileEncoding = 4; lastKnownFileType = sourcecode.c.objc; name = gallerypicker_API.m; path = gallerypicker/gallerypicker_API.m; sourceTree = "<group>"; };
		719E40CB1665F96200491E89 /* ELCImagePickerFramework.framework */ = {isa = PBXFileReference; lastKnownFileType = wrapper.framework; path = ELCImagePickerFramework.framework; sourceTree = "<group>"; };
		B307826315C2A393006798D7 /* AssetsLibrary.framework */ = {isa = PBXFileReference; lastKnownFileType = wrapper.framework; name = AssetsLibrary.framework; path = System/Library/Frameworks/AssetsLibrary.framework; sourceTree = SDKROOT; };
		B307826B15C2A44F006798D7 /* SystemConfiguration.framework */ = {isa = PBXFileReference; lastKnownFileType = wrapper.framework; name = SystemConfiguration.framework; path = System/Library/Frameworks/SystemConfiguration.framework; sourceTree = SDKROOT; };
		B307826D15C2A47B006798D7 /* assets */ = {isa = PBXFileReference; lastKnownFileType = folder; path = assets; sourceTree = "<group>"; };
		B307827115C2A634006798D7 /* app_config.json */ = {isa = PBXFileReference; fileEncoding = 4; lastKnownFileType = text.json; path = app_config.json; sourceTree = "<group>"; };
		B3E9B86115C2ECC700590095 /* libForgeModule.a */ = {isa = PBXFileReference; explicitFileType = archive.ar; includeInIndex = 0; path = libForgeModule.a; sourceTree = BUILT_PRODUCTS_DIR; };
		B3FC517715C14B2A003574D9 /* ForgeInspector.app */ = {isa = PBXFileReference; explicitFileType = wrapper.application; includeInIndex = 0; path = ForgeInspector.app; sourceTree = BUILT_PRODUCTS_DIR; };
		B3FC517B15C14B2A003574D9 /* UIKit.framework */ = {isa = PBXFileReference; lastKnownFileType = wrapper.framework; name = UIKit.framework; path = System/Library/Frameworks/UIKit.framework; sourceTree = SDKROOT; };
		B3FC517D15C14B2A003574D9 /* Foundation.framework */ = {isa = PBXFileReference; lastKnownFileType = wrapper.framework; name = Foundation.framework; path = System/Library/Frameworks/Foundation.framework; sourceTree = SDKROOT; };
		B3FC517F15C14B2A003574D9 /* CoreGraphics.framework */ = {isa = PBXFileReference; lastKnownFileType = wrapper.framework; name = CoreGraphics.framework; path = System/Library/Frameworks/CoreGraphics.framework; sourceTree = SDKROOT; };
		B3FC518315C14B2A003574D9 /* ForgeInspector-Info.plist */ = {isa = PBXFileReference; lastKnownFileType = text.plist.xml; path = "ForgeInspector-Info.plist"; sourceTree = "<group>"; };
		B3FC518715C14B2A003574D9 /* main.m */ = {isa = PBXFileReference; lastKnownFileType = sourcecode.c.objc; path = main.m; sourceTree = "<group>"; };
		B3FC518915C14B2A003574D9 /* ForgeInspector-Prefix.pch */ = {isa = PBXFileReference; lastKnownFileType = sourcecode.c.h; path = "ForgeInspector-Prefix.pch"; sourceTree = "<group>"; };
		B3FC519215C14B35003574D9 /* ForgeCore.framework */ = {isa = PBXFileReference; lastKnownFileType = wrapper.framework; path = ForgeCore.framework; sourceTree = "<group>"; };
		B3FC519415C14B3C003574D9 /* ForgeCore.bundle */ = {isa = PBXFileReference; lastKnownFileType = "wrapper.plug-in"; path = ForgeCore.bundle; sourceTree = "<group>"; };
/* End PBXFileReference section */

/* Begin PBXFrameworksBuildPhase section */
		B3E9B85E15C2ECC700590095 /* Frameworks */ = {
			isa = PBXFrameworksBuildPhase;
			buildActionMask = 2147483647;
			files = (
				B3E9B86215C2ECC700590095 /* Foundation.framework in Frameworks */,
				B3E9B86F15C2ECE900590095 /* CoreGraphics.framework in Frameworks */,
				B3E9B87015C2ECEB00590095 /* UIKit.framework in Frameworks */,
				B3E9B87215C2ECF100590095 /* AssetsLibrary.framework in Frameworks */,
				B3E9B87315C2ECF300590095 /* SystemConfiguration.framework in Frameworks */,
				B3E9B88A15C2F0B500590095 /* ForgeCore.framework in Frameworks */,
				719E40CD1665F96200491E89 /* ELCImagePickerFramework.framework in Frameworks */,
			);
			runOnlyForDeploymentPostprocessing = 0;
		};
		B3FC517415C14B2A003574D9 /* Frameworks */ = {
			isa = PBXFrameworksBuildPhase;
			buildActionMask = 2147483647;
			files = (
				B307826C15C2A44F006798D7 /* SystemConfiguration.framework in Frameworks */,
				B307826415C2A393006798D7 /* AssetsLibrary.framework in Frameworks */,
				B3FC517C15C14B2A003574D9 /* UIKit.framework in Frameworks */,
				B3FC517E15C14B2A003574D9 /* Foundation.framework in Frameworks */,
				B3FC518015C14B2A003574D9 /* CoreGraphics.framework in Frameworks */,
				B3FC519315C14B35003574D9 /* ForgeCore.framework in Frameworks */,
				719E40CC1665F96200491E89 /* ELCImagePickerFramework.framework in Frameworks */,
			);
			runOnlyForDeploymentPostprocessing = 0;
		};
/* End PBXFrameworksBuildPhase section */

/* Begin PBXGroup section */
		B307827315C2A645006798D7 /* gallerypicker */ = {
			isa = PBXGroup;
			children = (
				7123BED21664BF7E00712A33 /* gallerypicker_API.h */,
				7123BED31664BF7E00712A33 /* gallerypicker_API.m */,
			);
			name = gallerypicker;
			sourceTree = "<group>";
		};
		B3FC516C15C14B2A003574D9 = {
			isa = PBXGroup;
			children = (
				B3FC518115C14B2A003574D9 /* ForgeInspector */,
				B3FC517A15C14B2A003574D9 /* Frameworks */,
				B3FC517815C14B2A003574D9 /* Products */,
			);
			sourceTree = "<group>";
		};
		B3FC517815C14B2A003574D9 /* Products */ = {
			isa = PBXGroup;
			children = (
				B3FC517715C14B2A003574D9 /* ForgeInspector.app */,
				B3E9B86115C2ECC700590095 /* libForgeModule.a */,
			);
			name = Products;
			sourceTree = "<group>";
		};
		B3FC517A15C14B2A003574D9 /* Frameworks */ = {
			isa = PBXGroup;
			children = (
				719E40CB1665F96200491E89 /* ELCImagePickerFramework.framework */,
				B307826B15C2A44F006798D7 /* SystemConfiguration.framework */,
				B307826315C2A393006798D7 /* AssetsLibrary.framework */,
				B3FC519415C14B3C003574D9 /* ForgeCore.bundle */,
				B3FC519215C14B35003574D9 /* ForgeCore.framework */,
				B3FC517B15C14B2A003574D9 /* UIKit.framework */,
				B3FC517D15C14B2A003574D9 /* Foundation.framework */,
				B3FC517F15C14B2A003574D9 /* CoreGraphics.framework */,
			);
			name = Frameworks;
			sourceTree = "<group>";
		};
		B3FC518115C14B2A003574D9 /* ForgeInspector */ = {
			isa = PBXGroup;
			children = (
				B307827315C2A645006798D7 /* gallerypicker */,
				B307827115C2A634006798D7 /* app_config.json */,
				B307826D15C2A47B006798D7 /* assets */,
				B3FC518215C14B2A003574D9 /* Supporting Files */,
			);
			path = ForgeInspector;
			sourceTree = "<group>";
		};
		B3FC518215C14B2A003574D9 /* Supporting Files */ = {
			isa = PBXGroup;
			children = (
				B3FC518315C14B2A003574D9 /* ForgeInspector-Info.plist */,
				B3FC518715C14B2A003574D9 /* main.m */,
				B3FC518915C14B2A003574D9 /* ForgeInspector-Prefix.pch */,
			);
			name = "Supporting Files";
			sourceTree = "<group>";
		};
/* End PBXGroup section */

/* Begin PBXNativeTarget section */
		B3E9B86015C2ECC700590095 /* ForgeModule */ = {
			isa = PBXNativeTarget;
			buildConfigurationList = B3E9B86C15C2ECC700590095 /* Build configuration list for PBXNativeTarget "ForgeModule" */;
			buildPhases = (
				B3E9B85D15C2ECC700590095 /* Sources */,
				B3E9B85E15C2ECC700590095 /* Frameworks */,
				B3E9B85F15C2ECC700590095 /* CopyFiles */,
			);
			buildRules = (
			);
			dependencies = (
			);
			name = ForgeModule;
			productName = ForgeModule;
			productReference = B3E9B86115C2ECC700590095 /* libForgeModule.a */;
			productType = "com.apple.product-type.library.static";
		};
		B3FC517615C14B2A003574D9 /* ForgeInspector */ = {
			isa = PBXNativeTarget;
			buildConfigurationList = B3FC518F15C14B2A003574D9 /* Build configuration list for PBXNativeTarget "ForgeInspector" */;
			buildPhases = (
				B3FC517315C14B2A003574D9 /* Sources */,
				B3FC517415C14B2A003574D9 /* Frameworks */,
				B3FC517515C14B2A003574D9 /* Resources */,
			);
			buildRules = (
			);
			dependencies = (
			);
			name = ForgeInspector;
			productName = ForgeInspector;
			productReference = B3FC517715C14B2A003574D9 /* ForgeInspector.app */;
			productType = "com.apple.product-type.application";
		};
/* End PBXNativeTarget section */

/* Begin PBXProject section */
		B3FC516E15C14B2A003574D9 /* Project object */ = {
			isa = PBXProject;
			attributes = {
				LastUpgradeCheck = 0440;
				ORGANIZATIONNAME = "Trigger Corp";
			};
			buildConfigurationList = B3FC517115C14B2A003574D9 /* Build configuration list for PBXProject "ForgeInspector" */;
			compatibilityVersion = "Xcode 3.2";
			developmentRegion = English;
			hasScannedForEncodings = 0;
			knownRegions = (
				en,
			);
			mainGroup = B3FC516C15C14B2A003574D9;
			productRefGroup = B3FC517815C14B2A003574D9 /* Products */;
			projectDirPath = "";
			projectRoot = "";
			targets = (
				B3FC517615C14B2A003574D9 /* ForgeInspector */,
				B3E9B86015C2ECC700590095 /* ForgeModule */,
				B3E9B87415C2ED5F00590095 /* UniversalForgeModule */,
			);
		};
/* End PBXProject section */

/* Begin PBXResourcesBuildPhase section */
		B3FC517515C14B2A003574D9 /* Resources */ = {
			isa = PBXResourcesBuildPhase;
			buildActionMask = 2147483647;
			files = (
				B3FC519515C14B3C003574D9 /* ForgeCore.bundle in Resources */,
				B307826E15C2A47B006798D7 /* assets in Resources */,
				B307827215C2A634006798D7 /* app_config.json in Resources */,
			);
			runOnlyForDeploymentPostprocessing = 0;
		};
/* End PBXResourcesBuildPhase section */

/* Begin PBXShellScriptBuildPhase section */
		B3E9B87815C2EDC300590095 /* ShellScript */ = {
			isa = PBXShellScriptBuildPhase;
			buildActionMask = 2147483647;
			files = (
			);
			inputPaths = (
			);
			outputPaths = (
			);
			runOnlyForDeploymentPostprocessing = 0;
			shellPath = /bin/sh;
			shellScript = "# Building both architectures.\nxcodebuild -configuration \"Release\" -target ForgeModule -sdk iphoneos\nxcodebuild -configuration \"Release\" -target ForgeModule -sdk iphonesimulator\n\nrm -f build/libForgeModule.a\n\n# Uses the Lipo Tool to merge both binary files (i386 + armv6/armv7) into one Universal final product.\nlipo -create \"build/Release-iphoneos/libForgeModule.a\" \"build/Release-iphonesimulator/libForgeModule.a\" -output \"build/libForgeModule.a\"\n";
		};
/* End PBXShellScriptBuildPhase section */

/* Begin PBXSourcesBuildPhase section */
		B3E9B85D15C2ECC700590095 /* Sources */ = {
			isa = PBXSourcesBuildPhase;
			buildActionMask = 2147483647;
			files = (
				7123BED71664C1C700712A33 /* gallerypicker_API.m in Sources */,
			);
			runOnlyForDeploymentPostprocessing = 0;
		};
		B3FC517315C14B2A003574D9 /* Sources */ = {
			isa = PBXSourcesBuildPhase;
			buildActionMask = 2147483647;
			files = (
				B3FC518815C14B2A003574D9 /* main.m in Sources */,
				7123BED61664C1C600712A33 /* gallerypicker_API.m in Sources */,
			);
			runOnlyForDeploymentPostprocessing = 0;
		};
/* End PBXSourcesBuildPhase section */

/* Begin XCBuildConfiguration section */
		B3E9B86A15C2ECC700590095 /* Debug */ = {
			isa = XCBuildConfiguration;
			buildSettings = {
				ARCHS = "$(ARCHS_STANDARD_32_BIT)";
				DEAD_CODE_STRIPPING = NO;
				DSTROOT = /tmp/ForgeModule.dst;
				FRAMEWORK_SEARCH_PATHS = (
					"$(inherited)",
					"\"$(SRCROOT)\"",
				);
				GCC_PRECOMPILE_PREFIX_HEADER = YES;
				GCC_PREFIX_HEADER = "ForgeInspector/ForgeInspector-Prefix.pch";
				OTHER_LDFLAGS = "-ObjC";
				PRODUCT_NAME = "$(TARGET_NAME)";
				SKIP_INSTALL = YES;
				VALID_ARCHS = "armv7 i386";
			};
			name = Debug;
		};
		B3E9B86B15C2ECC700590095 /* Release */ = {
			isa = XCBuildConfiguration;
			buildSettings = {
				ARCHS = "$(ARCHS_STANDARD_32_BIT)";
				DEAD_CODE_STRIPPING = NO;
				DSTROOT = /tmp/ForgeModule.dst;
				FRAMEWORK_SEARCH_PATHS = (
					"$(inherited)",
					"\"$(SRCROOT)\"",
				);
				GCC_PRECOMPILE_PREFIX_HEADER = YES;
				GCC_PREFIX_HEADER = "ForgeInspector/ForgeInspector-Prefix.pch";
				OTHER_LDFLAGS = "-ObjC";
				PRODUCT_NAME = "$(TARGET_NAME)";
				SKIP_INSTALL = YES;
				VALID_ARCHS = "armv7 i386";
			};
			name = Release;
		};
		B3E9B87615C2ED5F00590095 /* Debug */ = {
			isa = XCBuildConfiguration;
			buildSettings = {
				PRODUCT_NAME = "$(TARGET_NAME)";
			};
			name = Debug;
		};
		B3E9B87715C2ED5F00590095 /* Release */ = {
			isa = XCBuildConfiguration;
			buildSettings = {
				PRODUCT_NAME = "$(TARGET_NAME)";
			};
			name = Release;
		};
		B3FC518D15C14B2A003574D9 /* Debug */ = {
			isa = XCBuildConfiguration;
			buildSettings = {
				ALWAYS_SEARCH_USER_PATHS = NO;
				ARCHS = "$(ARCHS_STANDARD_32_BIT)";
				CLANG_CXX_LANGUAGE_STANDARD = "gnu++0x";
				CLANG_ENABLE_OBJC_ARC = YES;
				CLANG_WARN__DUPLICATE_METHOD_MATCH = YES;
				"CODE_SIGN_IDENTITY[sdk=iphoneos*]" = "iPhone Developer";
				COPY_PHASE_STRIP = NO;
				GCC_C_LANGUAGE_STANDARD = gnu99;
				GCC_DYNAMIC_NO_PIC = NO;
				GCC_OPTIMIZATION_LEVEL = 0;
				GCC_PREPROCESSOR_DEFINITIONS = (
					"DEBUG=1",
					"$(inherited)",
				);
				GCC_SYMBOLS_PRIVATE_EXTERN = NO;
				GCC_VERSION = com.apple.compilers.llvm.clang.1_0;
				GCC_WARN_ABOUT_RETURN_TYPE = YES;
				GCC_WARN_UNINITIALIZED_AUTOS = YES;
				GCC_WARN_UNUSED_VARIABLE = YES;
				IPHONEOS_DEPLOYMENT_TARGET = 5.1;
				SDKROOT = iphoneos;
				TARGETED_DEVICE_FAMILY = "1,2";
			};
			name = Debug;
		};
		B3FC518E15C14B2A003574D9 /* Release */ = {
			isa = XCBuildConfiguration;
			buildSettings = {
				ALWAYS_SEARCH_USER_PATHS = NO;
				ARCHS = "$(ARCHS_STANDARD_32_BIT)";
				CLANG_CXX_LANGUAGE_STANDARD = "gnu++0x";
				CLANG_ENABLE_OBJC_ARC = YES;
				CLANG_WARN__DUPLICATE_METHOD_MATCH = YES;
				"CODE_SIGN_IDENTITY[sdk=iphoneos*]" = "iPhone Developer";
				COPY_PHASE_STRIP = YES;
				GCC_C_LANGUAGE_STANDARD = gnu99;
				GCC_VERSION = com.apple.compilers.llvm.clang.1_0;
				GCC_WARN_ABOUT_RETURN_TYPE = YES;
				GCC_WARN_UNINITIALIZED_AUTOS = YES;
				GCC_WARN_UNUSED_VARIABLE = YES;
				IPHONEOS_DEPLOYMENT_TARGET = 5.1;
				OTHER_CFLAGS = "-DNS_BLOCK_ASSERTIONS=1";
				SDKROOT = iphoneos;
				TARGETED_DEVICE_FAMILY = "1,2";
				VALIDATE_PRODUCT = YES;
			};
			name = Release;
		};
		B3FC519015C14B2A003574D9 /* Debug */ = {
			isa = XCBuildConfiguration;
			buildSettings = {
				FRAMEWORK_SEARCH_PATHS = (
					"$(inherited)",
					"\"$(SRCROOT)\"",
				);
				GCC_PRECOMPILE_PREFIX_HEADER = YES;
				GCC_PREFIX_HEADER = "ForgeInspector/ForgeInspector-Prefix.pch";
				HEADER_SEARCH_PATHS = "";
				INFOPLIST_FILE = "ForgeInspector/ForgeInspector-Info.plist";
				OTHER_LDFLAGS = "-ObjC";
				PRODUCT_NAME = "$(TARGET_NAME)";
				VALID_ARCHS = armv7;
				WRAPPER_EXTENSION = app;
			};
			name = Debug;
		};
		B3FC519115C14B2A003574D9 /* Release */ = {
			isa = XCBuildConfiguration;
			buildSettings = {
				FRAMEWORK_SEARCH_PATHS = (
					"$(inherited)",
					"\"$(SRCROOT)\"",
				);
				GCC_PRECOMPILE_PREFIX_HEADER = YES;
				GCC_PREFIX_HEADER = "ForgeInspector/ForgeInspector-Prefix.pch";
				HEADER_SEARCH_PATHS = "";
				INFOPLIST_FILE = "ForgeInspector/ForgeInspector-Info.plist";
				OTHER_LDFLAGS = "-ObjC";
				PRODUCT_NAME = "$(TARGET_NAME)";
				VALID_ARCHS = armv7;
				WRAPPER_EXTENSION = app;
			};
			name = Release;
		};
/* End XCBuildConfiguration section */

/* Begin XCConfigurationList section */
		B3E9B86C15C2ECC700590095 /* Build configuration list for PBXNativeTarget "ForgeModule" */ = {
			isa = XCConfigurationList;
			buildConfigurations = (
				B3E9B86A15C2ECC700590095 /* Debug */,
				B3E9B86B15C2ECC700590095 /* Release */,
			);
			defaultConfigurationIsVisible = 0;
			defaultConfigurationName = Release;
		};
		B3E9B87515C2ED5F00590095 /* Build configuration list for PBXAggregateTarget "UniversalForgeModule" */ = {
			isa = XCConfigurationList;
			buildConfigurations = (
				B3E9B87615C2ED5F00590095 /* Debug */,
				B3E9B87715C2ED5F00590095 /* Release */,
			);
			defaultConfigurationIsVisible = 0;
			defaultConfigurationName = Release;
		};
		B3FC517115C14B2A003574D9 /* Build configuration list for PBXProject "ForgeInspector" */ = {
			isa = XCConfigurationList;
			buildConfigurations = (
				B3FC518D15C14B2A003574D9 /* Debug */,
				B3FC518E15C14B2A003574D9 /* Release */,
			);
			defaultConfigurationIsVisible = 0;
			defaultConfigurationName = Release;
		};
		B3FC518F15C14B2A003574D9 /* Build configuration list for PBXNativeTarget "ForgeInspector" */ = {
			isa = XCConfigurationList;
			buildConfigurations = (
				B3FC519015C14B2A003574D9 /* Debug */,
				B3FC519115C14B2A003574D9 /* Release */,
			);
			defaultConfigurationIsVisible = 0;
			defaultConfigurationName = Release;
		};
/* End XCConfigurationList section */
	};
	rootObject = B3FC516E15C14B2A003574D9 /* Project object */;
}
