// !$*UTF8*$!
{
	archiveVersion = 1;
	classes = {
	};
	objectVersion = 46;
	objects = {

/* Begin PBXBuildFile section */
		71805FA1166F3A2F0094B0FA /* gallerypicker_API.m in Sources */ = {isa = PBXBuildFile; fileRef = 71805FA0166F3A2F0094B0FA /* gallerypicker_API.m */; };
		71808742166F645D00079BE2 /* ELCImagePickerFramework.framework in Frameworks */ = {isa = PBXBuildFile; fileRef = 7180872E166F410500079BE2 /* ELCImagePickerFramework.framework */; };
		71808744166F649200079BE2 /* ELCImagePickerFramework in Frameworks */ = {isa = PBXBuildFile; fileRef = 71808743166F649200079BE2 /* ELCImagePickerFramework */; };
		71808763166F651B00079BE2 /* ELCAlbumPickerController.nib in Resources */ = {isa = PBXBuildFile; fileRef = 71808759166F651B00079BE2 /* ELCAlbumPickerController.nib */; };
		71808764166F651B00079BE2 /* ELCAssetPicker.nib in Resources */ = {isa = PBXBuildFile; fileRef = 7180875A166F651B00079BE2 /* ELCAssetPicker.nib */; };
		71808765166F651B00079BE2 /* ELCAssetTablePicker.nib in Resources */ = {isa = PBXBuildFile; fileRef = 7180875B166F651B00079BE2 /* ELCAssetTablePicker.nib */; };
		71808766166F651B00079BE2 /* ELCImagePickerController.nib in Resources */ = {isa = PBXBuildFile; fileRef = 7180875C166F651B00079BE2 /* ELCImagePickerController.nib */; };
		71808767166F651B00079BE2 /* InfoPlist.strings in Resources */ = {isa = PBXBuildFile; fileRef = 7180875E166F651B00079BE2 /* InfoPlist.strings */; };
		71808768166F651B00079BE2 /* Info.plist in Resources */ = {isa = PBXBuildFile; fileRef = 71808760166F651B00079BE2 /* Info.plist */; };
		71808769166F651B00079BE2 /* Overlay.png in Resources */ = {isa = PBXBuildFile; fileRef = 71808761166F651B00079BE2 /* Overlay.png */; };
		7180876A166F651B00079BE2 /* Overlay@2x.png in Resources */ = {isa = PBXBuildFile; fileRef = 71808762166F651B00079BE2 /* Overlay@2x.png */; };
		B31B6D5215C13D5200854074 /* Foundation.framework in Frameworks */ = {isa = PBXBuildFile; fileRef = B31B6D5115C13D5200854074 /* Foundation.framework */; };
		B31B6D6F15C1467100854074 /* CoreFoundation.framework in Frameworks */ = {isa = PBXBuildFile; fileRef = B31B6D6E15C1467100854074 /* CoreFoundation.framework */; };
		B37C3A5D162717A200B50A60 /* ForgeCore.framework in Frameworks */ = {isa = PBXBuildFile; fileRef = B37C3A5C162717A200B50A60 /* ForgeCore.framework */; };
		B3FC51F815C151E5003574D9 /* UIKit.framework in Frameworks */ = {isa = PBXBuildFile; fileRef = B3FC51F715C151E5003574D9 /* UIKit.framework */; };
		B3FC51FF15C1523D003574D9 /* CoreGraphics.framework in Frameworks */ = {isa = PBXBuildFile; fileRef = B3FC51FE15C1523D003574D9 /* CoreGraphics.framework */; };
		B3FC524215C177EA003574D9 /* AssetsLibrary.framework in Frameworks */ = {isa = PBXBuildFile; fileRef = B3FC524115C177EA003574D9 /* AssetsLibrary.framework */; };
		B3FC524815C17B2C003574D9 /* SystemConfiguration.framework in Frameworks */ = {isa = PBXBuildFile; fileRef = B3FC524715C17B2C003574D9 /* SystemConfiguration.framework */; };
/* End PBXBuildFile section */

/* Begin PBXFileReference section */
		71805F9F166F3A2F0094B0FA /* gallerypicker_API.h */ = {isa = PBXFileReference; fileEncoding = 4; lastKnownFileType = sourcecode.c.h; path = gallerypicker_API.h; sourceTree = "<group>"; };
		71805FA0166F3A2F0094B0FA /* gallerypicker_API.m */ = {isa = PBXFileReference; fileEncoding = 4; lastKnownFileType = sourcecode.c.objc; path = gallerypicker_API.m; sourceTree = "<group>"; };
		7180872E166F410500079BE2 /* ELCImagePickerFramework.framework */ = {isa = PBXFileReference; lastKnownFileType = wrapper.framework; name = ELCImagePickerFramework.framework; path = "../../ios-external/ELCImagePickerFramework.framework"; sourceTree = "<group>"; };
		71808743166F649200079BE2 /* ELCImagePickerFramework */ = {isa = PBXFileReference; lastKnownFileType = archive.ar; name = ELCImagePickerFramework; path = "../../ios-external/ELCImagePickerFramework.framework/ELCImagePickerFramework"; sourceTree = "<group>"; };
		71808759166F651B00079BE2 /* ELCAlbumPickerController.nib */ = {isa = PBXFileReference; lastKnownFileType = file; name = ELCAlbumPickerController.nib; path = "../../ios-external/ELCImagePickerFramework.framework/Versions/A/Resources/ELCAlbumPickerController.nib"; sourceTree = "<group>"; };
		7180875A166F651B00079BE2 /* ELCAssetPicker.nib */ = {isa = PBXFileReference; lastKnownFileType = file; name = ELCAssetPicker.nib; path = "../../ios-external/ELCImagePickerFramework.framework/Versions/A/Resources/ELCAssetPicker.nib"; sourceTree = "<group>"; };
		7180875B166F651B00079BE2 /* ELCAssetTablePicker.nib */ = {isa = PBXFileReference; lastKnownFileType = file; name = ELCAssetTablePicker.nib; path = "../../ios-external/ELCImagePickerFramework.framework/Versions/A/Resources/ELCAssetTablePicker.nib"; sourceTree = "<group>"; };
		7180875C166F651B00079BE2 /* ELCImagePickerController.nib */ = {isa = PBXFileReference; lastKnownFileType = file; name = ELCImagePickerController.nib; path = "../../ios-external/ELCImagePickerFramework.framework/Versions/A/Resources/ELCImagePickerController.nib"; sourceTree = "<group>"; };
		7180875F166F651B00079BE2 /* en */ = {isa = PBXFileReference; lastKnownFileType = text.plist.strings; name = en; path = InfoPlist.strings; sourceTree = "<group>"; };
		71808760166F651B00079BE2 /* Info.plist */ = {isa = PBXFileReference; lastKnownFileType = file.bplist; name = Info.plist; path = "../../ios-external/ELCImagePickerFramework.framework/Versions/A/Resources/Info.plist"; sourceTree = "<group>"; };
		71808761166F651B00079BE2 /* Overlay.png */ = {isa = PBXFileReference; lastKnownFileType = image.png; name = Overlay.png; path = "../../ios-external/ELCImagePickerFramework.framework/Versions/A/Resources/Overlay.png"; sourceTree = "<group>"; };
		71808762166F651B00079BE2 /* Overlay@2x.png */ = {isa = PBXFileReference; lastKnownFileType = image.png; name = "Overlay@2x.png"; path = "../../ios-external/ELCImagePickerFramework.framework/Versions/A/Resources/Overlay@2x.png"; sourceTree = "<group>"; };
		B31B6D4E15C13D5200854074 /* libForgeModule.a */ = {isa = PBXFileReference; explicitFileType = archive.ar; includeInIndex = 0; path = libForgeModule.a; sourceTree = BUILT_PRODUCTS_DIR; };
		B31B6D5115C13D5200854074 /* Foundation.framework */ = {isa = PBXFileReference; lastKnownFileType = wrapper.framework; name = Foundation.framework; path = System/Library/Frameworks/Foundation.framework; sourceTree = SDKROOT; };
		B31B6D6D15C1467100854074 /* plugin.bundle */ = {isa = PBXFileReference; explicitFileType = wrapper.cfbundle; includeInIndex = 0; path = plugin.bundle; sourceTree = BUILT_PRODUCTS_DIR; };
		B31B6D6E15C1467100854074 /* CoreFoundation.framework */ = {isa = PBXFileReference; lastKnownFileType = wrapper.framework; name = CoreFoundation.framework; path = System/Library/Frameworks/CoreFoundation.framework; sourceTree = SDKROOT; };
		B37C3A5C162717A200B50A60 /* ForgeCore.framework */ = {isa = PBXFileReference; lastKnownFileType = wrapper.framework; name = ForgeCore.framework; path = ../ForgeCore.framework; sourceTree = "<group>"; };
		B3FC51F715C151E5003574D9 /* UIKit.framework */ = {isa = PBXFileReference; lastKnownFileType = wrapper.framework; name = UIKit.framework; path = System/Library/Frameworks/UIKit.framework; sourceTree = SDKROOT; };
		B3FC51FE15C1523D003574D9 /* CoreGraphics.framework */ = {isa = PBXFileReference; lastKnownFileType = wrapper.framework; name = CoreGraphics.framework; path = System/Library/Frameworks/CoreGraphics.framework; sourceTree = SDKROOT; };
		B3FC524115C177EA003574D9 /* AssetsLibrary.framework */ = {isa = PBXFileReference; lastKnownFileType = wrapper.framework; name = AssetsLibrary.framework; path = System/Library/Frameworks/AssetsLibrary.framework; sourceTree = SDKROOT; };
		B3FC524715C17B2C003574D9 /* SystemConfiguration.framework */ = {isa = PBXFileReference; lastKnownFileType = wrapper.framework; name = SystemConfiguration.framework; path = System/Library/Frameworks/SystemConfiguration.framework; sourceTree = SDKROOT; };
/* End PBXFileReference section */

/* Begin PBXFrameworksBuildPhase section */
		B31B6D4B15C13D5200854074 /* Frameworks */ = {
			isa = PBXFrameworksBuildPhase;
			buildActionMask = 2147483647;
			files = (
				B3FC524815C17B2C003574D9 /* SystemConfiguration.framework in Frameworks */,
				B3FC524215C177EA003574D9 /* AssetsLibrary.framework in Frameworks */,
				B3FC51FF15C1523D003574D9 /* CoreGraphics.framework in Frameworks */,
				B3FC51F815C151E5003574D9 /* UIKit.framework in Frameworks */,
				B31B6D5215C13D5200854074 /* Foundation.framework in Frameworks */,
				B37C3A5D162717A200B50A60 /* ForgeCore.framework in Frameworks */,
				71808742166F645D00079BE2 /* ELCImagePickerFramework.framework in Frameworks */,
				71808744166F649200079BE2 /* ELCImagePickerFramework in Frameworks */,
			);
			runOnlyForDeploymentPostprocessing = 0;
		};
		B31B6D6A15C1467100854074 /* Frameworks */ = {
			isa = PBXFrameworksBuildPhase;
			buildActionMask = 2147483647;
			files = (
				B31B6D6F15C1467100854074 /* CoreFoundation.framework in Frameworks */,
			);
			runOnlyForDeploymentPostprocessing = 0;
		};
/* End PBXFrameworksBuildPhase section */

/* Begin PBXGroup section */
		71805F9E166F3A2F0094B0FA /* gallerypicker */ = {
			isa = PBXGroup;
			children = (
				71805F9F166F3A2F0094B0FA /* gallerypicker_API.h */,
				71805FA0166F3A2F0094B0FA /* gallerypicker_API.m */,
			);
			path = gallerypicker;
			sourceTree = "<group>";
		};
		71805FAB166F3DBB0094B0FA /* External Resources */ = {
			isa = PBXGroup;
			children = (
				71808759166F651B00079BE2 /* ELCAlbumPickerController.nib */,
				7180875A166F651B00079BE2 /* ELCAssetPicker.nib */,
				7180875B166F651B00079BE2 /* ELCAssetTablePicker.nib */,
				7180875C166F651B00079BE2 /* ELCImagePickerController.nib */,
				7180875D166F651B00079BE2 /* en.lproj */,
				71808760166F651B00079BE2 /* Info.plist */,
				71808761166F651B00079BE2 /* Overlay.png */,
				71808762166F651B00079BE2 /* Overlay@2x.png */,
			);
			name = "External Resources";
			sourceTree = "<group>";
		};
		71805FBF166F3E3D0094B0FA /* External Frameworks */ = {
			isa = PBXGroup;
			children = (
				71808743166F649200079BE2 /* ELCImagePickerFramework */,
			);
			name = "External Frameworks";
			sourceTree = "<group>";
		};
		7180875D166F651B00079BE2 /* en.lproj */ = {
			isa = PBXGroup;
			children = (
				7180875E166F651B00079BE2 /* InfoPlist.strings */,
			);
			name = en.lproj;
			path = "../../ios-external/ELCImagePickerFramework.framework/Versions/A/Resources/en.lproj";
			sourceTree = "<group>";
		};
		B31B6D4315C13D5200854074 = {
			isa = PBXGroup;
			children = (
				71805FBF166F3E3D0094B0FA /* External Frameworks */,
				71805FAB166F3DBB0094B0FA /* External Resources */,
				71805F9E166F3A2F0094B0FA /* gallerypicker */,
				B31B6D5015C13D5200854074 /* Frameworks */,
				B31B6D4F15C13D5200854074 /* Products */,
			);
			sourceTree = "<group>";
		};
		B31B6D4F15C13D5200854074 /* Products */ = {
			isa = PBXGroup;
			children = (
				B31B6D4E15C13D5200854074 /* libForgeModule.a */,
				B31B6D6D15C1467100854074 /* plugin.bundle */,
			);
			name = Products;
			sourceTree = "<group>";
		};
		B31B6D5015C13D5200854074 /* Frameworks */ = {
			isa = PBXGroup;
			children = (
				7180872E166F410500079BE2 /* ELCImagePickerFramework.framework */,
				B37C3A5C162717A200B50A60 /* ForgeCore.framework */,
				B3FC524715C17B2C003574D9 /* SystemConfiguration.framework */,
				B3FC524115C177EA003574D9 /* AssetsLibrary.framework */,
				B3FC51FE15C1523D003574D9 /* CoreGraphics.framework */,
				B3FC51F715C151E5003574D9 /* UIKit.framework */,
				B31B6D5115C13D5200854074 /* Foundation.framework */,
				B31B6D6E15C1467100854074 /* CoreFoundation.framework */,
			);
			name = Frameworks;
			sourceTree = "<group>";
		};
/* End PBXGroup section */

/* Begin PBXNativeTarget section */
		B31B6D4D15C13D5200854074 /* ForgeModule */ = {
			isa = PBXNativeTarget;
			buildConfigurationList = B31B6D5C15C13D5200854074 /* Build configuration list for PBXNativeTarget "ForgeModule" */;
			buildPhases = (
				B31B6D4A15C13D5200854074 /* Sources */,
				B31B6D4B15C13D5200854074 /* Frameworks */,
			);
			buildRules = (
			);
			dependencies = (
			);
			name = ForgeModule;
			productName = ForgeCore;
			productReference = B31B6D4E15C13D5200854074 /* libForgeModule.a */;
			productType = "com.apple.product-type.library.static";
		};
		B31B6D6C15C1467100854074 /* ForgeModuleResources */ = {
			isa = PBXNativeTarget;
			buildConfigurationList = B31B6D7715C1467100854074 /* Build configuration list for PBXNativeTarget "ForgeModuleResources" */;
			buildPhases = (
				B31B6D6915C1467100854074 /* Sources */,
				B31B6D6A15C1467100854074 /* Frameworks */,
				B31B6D6B15C1467100854074 /* Resources */,
			);
			buildRules = (
			);
			dependencies = (
			);
			name = ForgeModuleResources;
			productName = ForgeCoreResources;
			productReference = B31B6D6D15C1467100854074 /* plugin.bundle */;
			productType = "com.apple.product-type.bundle";
		};
/* End PBXNativeTarget section */

/* Begin PBXProject section */
		B31B6D4515C13D5200854074 /* Project object */ = {
			isa = PBXProject;
			attributes = {
				LastUpgradeCheck = 0440;
				ORGANIZATIONNAME = "Trigger Corp";
			};
			buildConfigurationList = B31B6D4815C13D5200854074 /* Build configuration list for PBXProject "ForgeModule" */;
			compatibilityVersion = "Xcode 3.2";
			developmentRegion = English;
			hasScannedForEncodings = 0;
			knownRegions = (
				en,
			);
			mainGroup = B31B6D4315C13D5200854074;
			productRefGroup = B31B6D4F15C13D5200854074 /* Products */;
			projectDirPath = "";
			projectRoot = "";
			targets = (
				B31B6D4D15C13D5200854074 /* ForgeModule */,
				B31B6D6C15C1467100854074 /* ForgeModuleResources */,
			);
		};
/* End PBXProject section */

/* Begin PBXResourcesBuildPhase section */
		B31B6D6B15C1467100854074 /* Resources */ = {
			isa = PBXResourcesBuildPhase;
			buildActionMask = 2147483647;
			files = (
				71808763166F651B00079BE2 /* ELCAlbumPickerController.nib in Resources */,
				71808764166F651B00079BE2 /* ELCAssetPicker.nib in Resources */,
				71808765166F651B00079BE2 /* ELCAssetTablePicker.nib in Resources */,
				71808766166F651B00079BE2 /* ELCImagePickerController.nib in Resources */,
				71808767166F651B00079BE2 /* InfoPlist.strings in Resources */,
				71808768166F651B00079BE2 /* Info.plist in Resources */,
				71808769166F651B00079BE2 /* Overlay.png in Resources */,
				7180876A166F651B00079BE2 /* Overlay@2x.png in Resources */,
			);
			runOnlyForDeploymentPostprocessing = 0;
		};
/* End PBXResourcesBuildPhase section */

/* Begin PBXSourcesBuildPhase section */
		B31B6D4A15C13D5200854074 /* Sources */ = {
			isa = PBXSourcesBuildPhase;
			buildActionMask = 2147483647;
			files = (
				71805FA1166F3A2F0094B0FA /* gallerypicker_API.m in Sources */,
			);
			runOnlyForDeploymentPostprocessing = 0;
		};
		B31B6D6915C1467100854074 /* Sources */ = {
			isa = PBXSourcesBuildPhase;
			buildActionMask = 2147483647;
			files = (
			);
			runOnlyForDeploymentPostprocessing = 0;
		};
/* End PBXSourcesBuildPhase section */

/* Begin PBXVariantGroup section */
		7180875E166F651B00079BE2 /* InfoPlist.strings */ = {
			isa = PBXVariantGroup;
			children = (
				7180875F166F651B00079BE2 /* en */,
			);
			name = InfoPlist.strings;
			sourceTree = "<group>";
		};
/* End PBXVariantGroup section */

/* Begin XCBuildConfiguration section */
		B31B6D5A15C13D5200854074 /* Debug */ = {
			isa = XCBuildConfiguration;
			buildSettings = {
				ALWAYS_SEARCH_USER_PATHS = YES;
				ARCHS = "$(ARCHS_STANDARD_32_BIT)";
				CLANG_CXX_LANGUAGE_STANDARD = "gnu++0x";
				CLANG_ENABLE_OBJC_ARC = YES;
				CLANG_WARN__DUPLICATE_METHOD_MATCH = YES;
				COPY_PHASE_STRIP = NO;
				GCC_C_LANGUAGE_STANDARD = gnu99;
				GCC_DYNAMIC_NO_PIC = NO;
				GCC_OPTIMIZATION_LEVEL = 0;
				GCC_PREPROCESSOR_DEFINITIONS = (
					"DEBUG=1",
					"$(inherited)",
				);
				GCC_SYMBOLS_PRIVATE_EXTERN = NO;
				GCC_VERSION = com.apple.compilers.llvm.clang.1_0;
				GCC_WARN_ABOUT_RETURN_TYPE = YES;
				GCC_WARN_UNINITIALIZED_AUTOS = YES;
				GCC_WARN_UNUSED_VARIABLE = YES;
				IPHONEOS_DEPLOYMENT_TARGET = 5.1;
				SDKROOT = iphoneos;
				VALID_ARCHS = "armv7 i386";
			};
			name = Debug;
		};
		B31B6D5B15C13D5200854074 /* Release */ = {
			isa = XCBuildConfiguration;
			buildSettings = {
				ALWAYS_SEARCH_USER_PATHS = YES;
				ARCHS = "$(ARCHS_STANDARD_32_BIT)";
				CLANG_CXX_LANGUAGE_STANDARD = "gnu++0x";
				CLANG_ENABLE_OBJC_ARC = YES;
				CLANG_WARN__DUPLICATE_METHOD_MATCH = YES;
				COPY_PHASE_STRIP = YES;
				GCC_C_LANGUAGE_STANDARD = gnu99;
				GCC_VERSION = com.apple.compilers.llvm.clang.1_0;
				GCC_WARN_ABOUT_RETURN_TYPE = YES;
				GCC_WARN_UNINITIALIZED_AUTOS = YES;
				GCC_WARN_UNUSED_VARIABLE = YES;
				IPHONEOS_DEPLOYMENT_TARGET = 5.1;
				SDKROOT = iphoneos;
				VALIDATE_PRODUCT = YES;
				VALID_ARCHS = "armv7 i386";
			};
			name = Release;
		};
		B31B6D5D15C13D5200854074 /* Debug */ = {
			isa = XCBuildConfiguration;
			buildSettings = {
				COPY_PHASE_STRIP = NO;
				DEAD_CODE_STRIPPING = NO;
				FRAMEWORK_SEARCH_PATHS = (
					"$(inherited)",
					"\"$(SRCROOT)\"",
					"\"$(SRCROOT)/..\"",
					"\"$(SRCROOT)/../../ios-external\"",
				);
				GCC_PRECOMPILE_PREFIX_HEADER = YES;
				GCC_PREFIX_HEADER = "ForgeModule-Prefix.pch";
				HEADER_SEARCH_PATHS = "./**";
				LIBRARY_SEARCH_PATHS = (
					"$(inherited)",
					"\"$(SRCROOT)/../../ios-external/ELCImagePickerFramework.framework\"",
				);
				OTHER_LDFLAGS = "-ObjC";
				PRODUCT_NAME = "$(TARGET_NAME)";
				SDKROOT = iphoneos;
				SKIP_INSTALL = YES;
				STRIP_STYLE = "non-global";
			};
			name = Debug;
		};
		B31B6D5E15C13D5200854074 /* Release */ = {
			isa = XCBuildConfiguration;
			buildSettings = {
				COPY_PHASE_STRIP = NO;
				DEAD_CODE_STRIPPING = NO;
				FRAMEWORK_SEARCH_PATHS = (
					"$(inherited)",
					"\"$(SRCROOT)\"",
					"\"$(SRCROOT)/..\"",
					"\"$(SRCROOT)/../../ios-external\"",
				);
				GCC_PRECOMPILE_PREFIX_HEADER = YES;
				GCC_PREFIX_HEADER = "ForgeModule-Prefix.pch";
				HEADER_SEARCH_PATHS = "./**";
				LIBRARY_SEARCH_PATHS = (
					"$(inherited)",
					"\"$(SRCROOT)/../../ios-external/ELCImagePickerFramework.framework\"",
				);
				OTHER_LDFLAGS = "-ObjC";
				PRODUCT_NAME = "$(TARGET_NAME)";
				SDKROOT = iphoneos;
				SKIP_INSTALL = YES;
				STRIP_STYLE = "non-global";
			};
			name = Release;
		};
		B31B6D7815C1467100854074 /* Debug */ = {
			isa = XCBuildConfiguration;
			buildSettings = {
				ARCHS = "$(ARCHS_STANDARD_32_BIT)";
				COMBINE_HIDPI_IMAGES = NO;
				FRAMEWORK_SEARCH_PATHS = (
					"$(inherited)",
					"\"$(SRCROOT)\"",
					"\"$(SRCROOT)/../../ios-external\"",
				);
				GCC_ENABLE_OBJC_EXCEPTIONS = YES;
				GCC_PRECOMPILE_PREFIX_HEADER = YES;
				GCC_PREFIX_HEADER = "";
				GCC_WARN_64_TO_32_BIT_CONVERSION = YES;
				INFOPLIST_FILE = "";
				INSTALL_PATH = "$(LOCAL_LIBRARY_DIR)/Bundles";
				LIBRARY_SEARCH_PATHS = (
					"$(inherited)",
					"\"$(SRCROOT)/../ELCImagePickerFramework.framework/Versions/A\"",
					"\"$(SRCROOT)/../../ios-external/ELCImagePickerFramework.framework\"",
				);
				MACOSX_DEPLOYMENT_TARGET = 10.7;
				ONLY_ACTIVE_ARCH = NO;
				PRODUCT_NAME = plugin;
				SDKROOT = iphoneos;
				WRAPPER_EXTENSION = bundle;
			};
			name = Debug;
		};
		B31B6D7915C1467100854074 /* Release */ = {
			isa = XCBuildConfiguration;
			buildSettings = {
				ARCHS = "$(ARCHS_STANDARD_32_BIT)";
				COMBINE_HIDPI_IMAGES = NO;
				DEBUG_INFORMATION_FORMAT = "dwarf-with-dsym";
				FRAMEWORK_SEARCH_PATHS = (
					"$(inherited)",
					"\"$(SRCROOT)\"",
					"\"$(SRCROOT)/../../ios-external\"",
				);
				GCC_ENABLE_OBJC_EXCEPTIONS = YES;
				GCC_PRECOMPILE_PREFIX_HEADER = YES;
				GCC_PREFIX_HEADER = "";
				GCC_WARN_64_TO_32_BIT_CONVERSION = YES;
				INFOPLIST_FILE = "";
				INSTALL_PATH = "$(LOCAL_LIBRARY_DIR)/Bundles";
				LIBRARY_SEARCH_PATHS = (
					"$(inherited)",
					"\"$(SRCROOT)/../ELCImagePickerFramework.framework/Versions/A\"",
					"\"$(SRCROOT)/../../ios-external/ELCImagePickerFramework.framework\"",
				);
				MACOSX_DEPLOYMENT_TARGET = 10.7;
				ONLY_ACTIVE_ARCH = NO;
				PRODUCT_NAME = plugin;
				SDKROOT = iphoneos;
				WRAPPER_EXTENSION = bundle;
			};
			name = Release;
		};
/* End XCBuildConfiguration section */

/* Begin XCConfigurationList section */
		B31B6D4815C13D5200854074 /* Build configuration list for PBXProject "ForgeModule" */ = {
			isa = XCConfigurationList;
			buildConfigurations = (
				B31B6D5A15C13D5200854074 /* Debug */,
				B31B6D5B15C13D5200854074 /* Release */,
			);
			defaultConfigurationIsVisible = 0;
			defaultConfigurationName = Release;
		};
		B31B6D5C15C13D5200854074 /* Build configuration list for PBXNativeTarget "ForgeModule" */ = {
			isa = XCConfigurationList;
			buildConfigurations = (
				B31B6D5D15C13D5200854074 /* Debug */,
				B31B6D5E15C13D5200854074 /* Release */,
			);
			defaultConfigurationIsVisible = 0;
			defaultConfigurationName = Release;
		};
		B31B6D7715C1467100854074 /* Build configuration list for PBXNativeTarget "ForgeModuleResources" */ = {
			isa = XCConfigurationList;
			buildConfigurations = (
				B31B6D7815C1467100854074 /* Debug */,
				B31B6D7915C1467100854074 /* Release */,
			);
			defaultConfigurationIsVisible = 0;
			defaultConfigurationName = Release;
		};
/* End XCConfigurationList section */
	};
	rootObject = B31B6D4515C13D5200854074 /* Project object */;
}
